{
  "name": "image-builder",
  "version": "1.0.0",
  "lockfileVersion": 1,
  "packageIntegrity": "sha512-0I/2VkNu9mA4eCdUQk6NLLVJgPq5yOalImldgwS9QnSRax19m1+VoLV3dzwYqcylwThY/gbhC3ZyCurc5g7Rmg==",
  "dependencies": {
    "@babel/polyfill": {
      "version": "7.0.0",
      "resolved": "https://r.cnpmjs.org/@babel/polyfill/download/@babel/polyfill-7.0.0.tgz",
      "integrity": "sha1-yP9lyew75qG6EBE+vUDodQ+5C/8="
    },
    "@jimp/bmp": {
      "version": "0.5.4",
      "resolved": "https://r.cnpmjs.org/@jimp/bmp/download/@jimp/bmp-0.5.4.tgz",
      "integrity": "sha1-t7N1qndPJhVJElaYZNVGbnEzPvE="
    },
    "@jimp/core": {
      "version": "0.5.4",
      "resolved": "https://r.cnpmjs.org/@jimp/core/download/@jimp/core-0.5.4.tgz",
      "integrity": "sha1-adLZ7vGmqdYhJxceJojPIbwO53w="
    },
    "@jimp/custom": {
      "version": "0.5.4",
      "resolved": "https://r.cnpmjs.org/@jimp/custom/download/@jimp/custom-0.5.4.tgz",
      "integrity": "sha1-OTM4778V0Vjs9mOcsbGWxwQR/d0="
    },
    "@jimp/gif": {
      "version": "0.5.0",
      "resolved": "https://r.cnpmjs.org/@jimp/gif/download/@jimp/gif-0.5.0.tgz",
      "integrity": "sha1-dUOHCz10TJdY2nbKQ/rE7kj9agA="
    },
    "@jimp/jpeg": {
      "version": "0.5.4",
      "resolved": "https://r.cnpmjs.org/@jimp/jpeg/download/@jimp/jpeg-0.5.4.tgz",
      "integrity": "sha1-/1Jmn4AenYIEG6YyLueBw0TnUkE="
    },
    "@jimp/plugin-blit": {
      "version": "0.5.4",
      "resolved": "https://r.cnpmjs.org/@jimp/plugin-blit/download/@jimp/plugin-blit-0.5.4.tgz",
      "integrity": "sha1-jE9G4AwKTKnVxZJxPedXVShIXlk="
    },
    "@jimp/plugin-blur": {
      "version": "0.5.0",
      "resolved": "https://r.cnpmjs.org/@jimp/plugin-blur/download/@jimp/plugin-blur-0.5.0.tgz",
      "integrity": "sha1-yCIr2ujrTMhmE8CtvLJqkoKXOaI="
    },
    "@jimp/plugin-color": {
      "version": "0.5.5",
      "resolved": "https://r.cnpmjs.org/@jimp/plugin-color/download/@jimp/plugin-color-0.5.5.tgz",
      "integrity": "sha1-aPllLVBl0zgKmWeRGn5SkyXSMNY="
    },
    "@jimp/plugin-contain": {
      "version": "0.5.4",
      "resolved": "https://r.cnpmjs.org/@jimp/plugin-contain/download/@jimp/plugin-contain-0.5.4.tgz",
      "integrity": "sha1-HcJY2zbVDiNADgZEt/JpT9dPv2A="
    },
    "@jimp/plugin-cover": {
      "version": "0.5.4",
      "resolved": "https://r.cnpmjs.org/@jimp/plugin-cover/download/@jimp/plugin-cover-0.5.4.tgz",
      "integrity": "sha1-oIYkOxUdue7wnmV/vovD74aDZi4="
    },
    "@jimp/plugin-crop": {
      "version": "0.5.4",
      "resolved": "https://r.cnpmjs.org/@jimp/plugin-crop/download/@jimp/plugin-crop-0.5.4.tgz",
      "integrity": "sha1-Ekz1KqB+NsejPzni6G54FmwwDKc="
    },
    "@jimp/plugin-displace": {
      "version": "0.5.0",
      "resolved": "https://r.cnpmjs.org/@jimp/plugin-displace/download/@jimp/plugin-displace-0.5.0.tgz",
      "integrity": "sha1-y3XYWIve5Fwb2xvsIyNwXQ5T0GA="
    },
    "@jimp/plugin-dither": {
      "version": "0.5.0",
      "resolved": "https://r.cnpmjs.org/@jimp/plugin-dither/download/@jimp/plugin-dither-0.5.0.tgz",
      "integrity": "sha1-Dx9rfc1auo+Qi71LYGhfwpzGo+0="
    },
    "@jimp/plugin-flip": {
      "version": "0.5.0",
      "resolved": "https://r.cnpmjs.org/@jimp/plugin-flip/download/@jimp/plugin-flip-0.5.0.tgz",
      "integrity": "sha1-Spc8nEvcbbzH2mYgSiuysS/rk4E="
    },
    "@jimp/plugin-gaussian": {
      "version": "0.5.0",
      "resolved": "https://r.cnpmjs.org/@jimp/plugin-gaussian/download/@jimp/plugin-gaussian-0.5.0.tgz",
      "integrity": "sha1-AsnwdRYQjgG6Dyk4KJsI5uhlwsk="
    },
    "@jimp/plugin-invert": {
      "version": "0.5.0",
      "resolved": "https://r.cnpmjs.org/@jimp/plugin-invert/download/@jimp/plugin-invert-0.5.0.tgz",
      "integrity": "sha1-RJbS1nq0mMj6PonEtt1YkufxS5s="
    },
    "@jimp/plugin-mask": {
      "version": "0.5.4",
      "resolved": "https://r.cnpmjs.org/@jimp/plugin-mask/download/@jimp/plugin-mask-0.5.4.tgz",
      "integrity": "sha1-rEwmJeMogY2hRDySvLnKu1N8dLo="
    },
    "@jimp/plugin-normalize": {
      "version": "0.5.4",
      "resolved": "https://r.cnpmjs.org/@jimp/plugin-normalize/download/@jimp/plugin-normalize-0.5.4.tgz",
      "integrity": "sha1-1grrY3vK7K32VMliHikdbu0S+hk="
    },
    "@jimp/plugin-print": {
      "version": "0.5.4",
      "resolved": "https://r.cnpmjs.org/@jimp/plugin-print/download/@jimp/plugin-print-0.5.4.tgz",
      "integrity": "sha1-AFJKdCSk4SoXdk00lIXdESCkNyg="
    },
    "@jimp/plugin-resize": {
      "version": "0.5.4",
      "resolved": "https://r.cnpmjs.org/@jimp/plugin-resize/download/@jimp/plugin-resize-0.5.4.tgz",
      "integrity": "sha1-ybLElJ7ggN8/ospYdTnizoWIuK8="
    },
    "@jimp/plugin-rotate": {
      "version": "0.5.4",
      "resolved": "https://r.cnpmjs.org/@jimp/plugin-rotate/download/@jimp/plugin-rotate-0.5.4.tgz",
      "integrity": "sha1-bExWB3m8Pr8pHbmlCVFY0yoqSvM="
    },
    "@jimp/plugin-scale": {
      "version": "0.5.0",
      "resolved": "https://r.cnpmjs.org/@jimp/plugin-scale/download/@jimp/plugin-scale-0.5.0.tgz",
      "integrity": "sha1-CV+TflpIh0gbMHT1zWoUTY9PgV4="
    },
    "@jimp/plugins": {
      "version": "0.5.5",
      "resolved": "https://r.cnpmjs.org/@jimp/plugins/download/@jimp/plugins-0.5.5.tgz",
      "integrity": "sha1-6X+jaNaa13GNWiqbb/qObMHkJk0="
    },
    "@jimp/png": {
      "version": "0.5.4",
      "resolved": "https://r.cnpmjs.org/@jimp/png/download/@jimp/png-0.5.4.tgz",
      "integrity": "sha1-TtAkNauKwhm2GOlXjf1gYms7XdQ="
    },
    "@jimp/tiff": {
      "version": "0.5.4",
      "resolved": "https://r.cnpmjs.org/@jimp/tiff/download/@jimp/tiff-0.5.4.tgz",
      "integrity": "sha1-zlNwKD66OQ/zK2/Ya5JZ188+IxU="
    },
    "@jimp/types": {
      "version": "0.5.4",
      "resolved": "https://r.cnpmjs.org/@jimp/types/download/@jimp/types-0.5.4.tgz",
      "integrity": "sha1-wxLkFeycSjV3Dom57uQkqWvmCrg="
    },
    "@jimp/utils": {
      "version": "0.5.0",
      "resolved": "https://r.cnpmjs.org/@jimp/utils/download/@jimp/utils-0.5.0.tgz",
      "integrity": "sha1-7LMyWcdSOAU9bHcGo+kfZX26v5E="
    },
    "@types/jimp": {
      "version": "0.2.28",
      "resolved": "https://r.cnpmjs.org/@types/jimp/download/@types/jimp-0.2.28.tgz",
      "integrity": "sha1-iNwqrgKOylAAjXDC9pJrKi1PMOc="
    },
    "@types/node": {
      "version": "10.12.3",
      "resolved": "https://r.cnpmjs.org/@types/node/download/@types/node-10.12.3.tgz",
      "integrity": "sha1-ORi3PO7UhOWDZ75ay3nRd1I545M="
    },
    "any-base": {
      "version": "1.1.0",
      "resolved": "https://r.cnpmjs.org/any-base/download/any-base-1.1.0.tgz",
      "integrity": "sha1-rhAaYrwIpZe0yatbcInUVmMFSf4="
    },
    "base64-js": {
      "version": "1.3.0",
      "resolved": "https://r.cnpmjs.org/base64-js/download/base64-js-1.3.0.tgz",
      "integrity": "sha1-yrHmEY8FEJXli1KBrqjBzSK/wOM="
    },
    "bmp-js": {
      "version": "0.1.0",
      "resolved": "https://r.cnpmjs.org/bmp-js/download/bmp-js-0.1.0.tgz",
      "integrity": "sha1-4Fpj95amwf8l9Hcex62twUjAcjM="
    },
    "buffer": {
      "version": "5.2.1",
      "resolved": "https://r.cnpmjs.org/buffer/download/buffer-5.2.1.tgz",
      "integrity": "sha1-3Vf6DxCaxZxgJHkETcp7iz0LcdY="
    },
    "buffer-equal": {
      "version": "0.0.1",
      "resolved": "https://r.cnpmjs.org/buffer-equal/download/buffer-equal-0.0.1.tgz",
      "integrity": "sha1-kbx0sR6kBbyRa8aqkI+q+ltKrEs="
    },
    "core-js": {
      "version": "2.5.7",
      "resolved": "https://r.cnpmjs.org/core-js/download/core-js-2.5.7.tgz",
      "integrity": "sha1-+XJgj/DOrWi4QaFqky0LGDeRgU4="
    },
    "dom-walk": {
      "version": "0.1.1",
      "resolved": "https://r.cnpmjs.org/dom-walk/download/dom-walk-0.1.1.tgz",
      "integrity": "sha1-ZyIm3HTI95mtNTB9+TaroRrNYBg="
    },
    "exif-parser": {
      "version": "0.1.12",
      "resolved": "https://r.cnpmjs.org/exif-parser/download/exif-parser-0.1.12.tgz",
      "integrity": "sha1-WKnS1ywCwfbwKg70qRZicrd2CSI="
    },
    "file-type": {
      "version": "9.0.0",
      "resolved": "https://r.cnpmjs.org/file-type/download/file-type-9.0.0.tgz",
      "integrity": "sha1-po1a0H9IZBTfssiGb3MWGUZxShg="
    },
    "for-each": {
      "version": "0.3.3",
      "resolved": "https://r.cnpmjs.org/for-each/download/for-each-0.3.3.tgz",
      "integrity": "sha1-abRH6IoKXTLD5whPPxcQA0shN24="
    },
    "global": {
      "version": "4.3.2",
      "resolved": "https://r.cnpmjs.org/global/download/global-4.3.2.tgz",
      "integrity": "sha1-52mJJopsdMOJCLEwWxD8DjlOnQ8="
    },
    "ieee754": {
      "version": "1.1.12",
      "resolved": "https://r.cnpmjs.org/ieee754/download/ieee754-1.1.12.tgz",
      "integrity": "sha1-UL8k5bnIu5ivSWTJQc2wkY2ntgs="
    },
    "is-callable": {
      "version": "1.1.4",
      "resolved": "https://r.cnpmjs.org/is-callable/download/is-callable-1.1.4.tgz",
      "integrity": "sha1-HhrfIZ4e62hNaR+dagX/DTCiTXU="
    },
    "is-function": {
      "version": "1.0.1",
      "resolved": "https://r.cnpmjs.org/is-function/download/is-function-1.0.1.tgz",
      "integrity": "sha1-Es+5i2W1fdPRk6MSH19uL0N2ArU="
    },
    "jimp": {
      "version": "0.5.6",
      "resolved": "https://r.cnpmjs.org/jimp/download/jimp-0.5.6.tgz",
      "integrity": "sha1-3RFN7NBgknrkOfLgmA32GcF5+RI="
    },
    "jpeg-js": {
      "version": "0.3.4",
      "resolved": "https://r.cnpmjs.org/jpeg-js/download/jpeg-js-0.3.4.tgz",
      "integrity": "sha1-3CulAe49WLe7iTxdH6tHKUkX5+c="
    },
    "load-bmfont": {
      "version": "1.4.0",
      "resolved": "https://r.cnpmjs.org/load-bmfont/download/load-bmfont-1.4.0.tgz",
      "integrity": "sha1-dfFwcLFKjHhf5/W+4ub9T5gJO2s="
    },
    "mime": {
      "version": "1.6.0",
      "resolved": "https://r.cnpmjs.org/mime/download/mime-1.6.0.tgz",
      "integrity": "sha1-Ms2eXGRVO9WNGaVor0Uqz/BJgbE="
    },
    "min-document": {
      "version": "2.19.0",
      "resolved": "https://r.cnpmjs.org/min-document/download/min-document-2.19.0.tgz",
      "integrity": "sha1-e9KC4/WELtKVu3SM3Z8f+iyCRoU="
    },
    "minimist": {
      "version": "0.0.8",
      "resolved": "https://r.cnpmjs.org/minimist/download/minimist-0.0.8.tgz",
      "integrity": "sha1-hX/Kv8M5fSYluCKCYuhqp6ARsF0="
    },
    "mkdirp": {
      "version": "0.5.1",
      "resolved": "https://r.cnpmjs.org/mkdirp/download/mkdirp-0.5.1.tgz",
      "integrity": "sha1-MAV0OOrGz3+MR2fzhkjWaX11yQM="
    },
    "omggif": {
      "version": "1.0.9",
      "resolved": "https://r.cnpmjs.org/omggif/download/omggif-1.0.9.tgz",
      "integrity": "sha1-3LcCTazVDFK00wPwSALJHAV8dl8="
    },
    "pako": {
      "version": "1.0.6",
      "resolved": "https://r.cnpmjs.org/pako/download/pako-1.0.6.tgz",
      "integrity": "sha1-AQEhG6pwxLykoPY/Igbpe3368lg="
    },
    "parse-bmfont-ascii": {
      "version": "1.0.6",
      "resolved": "https://r.cnpmjs.org/parse-bmfont-ascii/download/parse-bmfont-ascii-1.0.6.tgz",
      "integrity": "sha1-Eaw8P/WPfCAgqyJ2kHkQjU36AoU="
    },
    "parse-bmfont-binary": {
      "version": "1.0.6",
      "resolved": "https://r.cnpmjs.org/parse-bmfont-binary/download/parse-bmfont-binary-1.0.6.tgz",
      "integrity": "sha1-0Di0dtPp3Z2x4RoLDlOiJ5K2kAY="
    },
    "parse-bmfont-xml": {
      "version": "1.1.4",
      "resolved": "https://r.cnpmjs.org/parse-bmfont-xml/download/parse-bmfont-xml-1.1.4.tgz",
      "integrity": "sha1-AVMZeX4+EvnnOcTVE4cs0vo184k="
    },
    "parse-headers": {
      "version": "2.0.1",
      "resolved": "https://r.cnpmjs.org/parse-headers/download/parse-headers-2.0.1.tgz",
      "integrity": "sha1-aug6eqJanZtwCswoaYzR8e1+lTY="
    },
    "phin": {
      "version": "2.9.3",
      "resolved": "https://r.cnpmjs.org/phin/download/phin-2.9.3.tgz",
      "integrity": "sha1-+basEKA1Y2+2XfxXaqqhe4dDElw="
    },
    "pixelmatch": {
      "version": "4.0.2",
      "resolved": "https://r.cnpmjs.org/pixelmatch/download/pixelmatch-4.0.2.tgz",
      "integrity": "sha1-j0fc7FARtHe2fbA8JDvB8wheiFQ="
    },
    "pngjs": {
      "version": "3.3.3",
      "resolved": "https://r.cnpmjs.org/pngjs/download/pngjs-3.3.3.tgz",
      "integrity": "sha1-hRc3A73j7ayJmHV7luWCHQlmohs="
    },
    "process": {
      "version": "0.5.2",
      "resolved": "https://r.cnpmjs.org/process/download/process-0.5.2.tgz",
      "integrity": "sha1-FjjYqONML0QKkduVq5rrZ3/Bhc8="
    },
    "regenerator-runtime": {
      "version": "0.11.1",
      "resolved": "https://r.cnpmjs.org/regenerator-runtime/download/regenerator-runtime-0.11.1.tgz",
      "integrity": "sha1-vgWtf5v30i4Fb5cmzuUBf78Z4uk="
    },
    "sax": {
      "version": "1.2.4",
      "resolved": "https://r.cnpmjs.org/sax/download/sax-1.2.4.tgz",
      "integrity": "sha1-KBYjTiN4vdxOU1T6tcqold9xANk="
    },
    "timm": {
      "version": "1.6.1",
      "resolved": "https://r.cnpmjs.org/timm/download/timm-1.6.1.tgz",
      "integrity": "sha1-X4qvyTIkjHbK8savYFQqMtPDBwE="
    },
    "tinycolor2": {
      "version": "1.4.1",
      "resolved": "https://r.cnpmjs.org/tinycolor2/download/tinycolor2-1.4.1.tgz",
      "integrity": "sha1-9PrTM0R7wLB9TcjpIJ2POaisd+g="
    },
    "trim": {
      "version": "0.0.1",
      "resolved": "https://r.cnpmjs.org/trim/download/trim-0.0.1.tgz",
      "integrity": "sha1-WFhUf2spB1fulczMZm+1AITEYN0="
    },
    "utif": {
      "version": "2.0.1",
      "resolved": "https://r.cnpmjs.org/utif/download/utif-2.0.1.tgz",
      "integrity": "sha1-nhWC2bvSABGmWIVI7TJmKY5xF1k="
    },
    "xhr": {
      "version": "2.5.0",
      "resolved": "https://r.cnpmjs.org/xhr/download/xhr-2.5.0.tgz",
      "integrity": "sha1-vtjRZ21co2EIZnaSt0sxbEluSd0="
    },
    "xml-parse-from-string": {
      "version": "1.0.1",
      "resolved": "https://r.cnpmjs.org/xml-parse-from-string/download/xml-parse-from-string-1.0.1.tgz",
      "integrity": "sha1-qQKekp09vN7RafPG4oI42VpdWig="
    },
    "xml2js": {
      "version": "0.4.19",
      "resolved": "https://r.cnpmjs.org/xml2js/download/xml2js-0.4.19.tgz",
      "integrity": "sha1-aGwg8hMgnpSr8NG88e+qKRx4J6c="
    },
    "xmlbuilder": {
      "version": "9.0.7",
      "resolved": "https://r.cnpmjs.org/xmlbuilder/download/xmlbuilder-9.0.7.tgz",
      "integrity": "sha1-Ey7mPS7FVlxVfiD0wi35rKaGsQ0="
    },
    "xtend": {
      "version": "4.0.1",
      "resolved": "https://r.cnpmjs.org/xtend/download/xtend-4.0.1.tgz",
      "integrity": "sha1-pcbVMr5lbiPbgg77lDofBJmNY68="
    }
  }
}
